<?xml version="1.0" encoding="utf-8"?>
<Project ToolsVersion="4.0" xmlns="http://schemas.microsoft.com/developer/msbuild/2003">
  <ItemGroup>
    <Filter Include="DB">
      <UniqueIdentifier>{18465e8f-f526-40da-acec-81e33ed6d586}</UniqueIdentifier>
    </Filter>
    <Filter Include="UI">
      <UniqueIdentifier>{5b71a566-682a-4938-8d4f-e2187d745905}</UniqueIdentifier>
    </Filter>
  </ItemGroup>
  <ItemGroup>
    <ClCompile Include="DBConnector.cpp">
      <Filter>DB</Filter>
    </ClCompile>
    <ClCompile Include="main.cpp" />
    <ClCompile Include="DBProcess.cpp">
      <Filter>DB</Filter>
    </ClCompile>
    <ClCompile Include="MainForm.cpp">
      <Filter>UI</Filter>
    </ClCompile>
  </ItemGroup>
  <ItemGroup>
    <ClInclude Include="DBConnector.h">
      <Filter>DB</Filter>
    </ClInclude>
    <ClInclude Include="DBProcess.h">
      <Filter>DB</Filter>
    </ClInclude>
    <ClInclude Include="MainForm.h">
      <Filter>UI</Filter>
    </ClInclude>
  </ItemGroup>
</Project>