<?xml version="1.0" encoding="utf-8"?>
<Project ToolsVersion="4.0" xmlns="http://schemas.microsoft.com/developer/msbuild/2003">
  <ItemGroup>
    <ClInclude Include="..\consoleUtil.h" />
    <ClInclude Include="..\Lobby.h" />
    <ClInclude Include="..\LobbyManager.h" />
    <ClInclude Include="..\Main.h" />
    <ClInclude Include="..\PacketProcess.h" />
    <ClInclude Include="..\Room.h" />
    <ClInclude Include="..\User.h" />
    <ClInclude Include="..\UserManager.h" />
    <ClInclude Include="..\ConnectedUserManager.h" />
    <ClInclude Include="..\DBManager.h" />
  </ItemGroup>
  <ItemGroup>
    <ClCompile Include="..\Lobby.cpp" />
    <ClCompile Include="..\LobbyManager.cpp" />
    <ClCompile Include="..\Main.cpp" />
    <ClCompile Include="..\PacketProcess.cpp" />
    <ClCompile Include="..\PacketProcessLobby.cpp" />
    <ClCompile Include="..\PacketProcessLogin.cpp" />
    <ClCompile Include="..\PacketProcessRoom.cpp" />
    <ClCompile Include="..\Room.cpp" />
    <ClCompile Include="..\User.cpp" />
    <ClCompile Include="..\UserManager.cpp" />
    <ClCompile Include="..\ConnectedUserManager.cpp" />
    <ClCompile Include="..\DBManager.cpp" />
  </ItemGroup>
</Project>